// !$*UTF8*$!
{
	archiveVersion = 1;
	classes = {
	};
	objectVersion = 46;
	objects = {

/* Begin PBXBuildFile section */
		141A5BC71B63187700A5F666 /* main.m in Sources */ = {isa = PBXBuildFile; fileRef = 141A5BC61B63187700A5F666 /* main.m */; };
		141A5BCA1B63187700A5F666 /* AppDelegate.m in Sources */ = {isa = PBXBuildFile; fileRef = 141A5BC91B63187700A5F666 /* AppDelegate.m */; };
		141A5BD01B63187700A5F666 /* Main.storyboard in Resources */ = {isa = PBXBuildFile; fileRef = 141A5BCE1B63187700A5F666 /* Main.storyboard */; };
		141A5BD21B63187700A5F666 /* Images.xcassets in Resources */ = {isa = PBXBuildFile; fileRef = 141A5BD11B63187700A5F666 /* Images.xcassets */; };
		141A5BD51B63187700A5F666 /* LaunchScreen.xib in Resources */ = {isa = PBXBuildFile; fileRef = 141A5BD31B63187700A5F666 /* LaunchScreen.xib */; };
		141A5BE11B63187700A5F666 /* StudentMe_iOSTests.m in Sources */ = {isa = PBXBuildFile; fileRef = 141A5BE01B63187700A5F666 /* StudentMe_iOSTests.m */; };
		141A5BEC1B638ECC00A5F666 /* UIColor+SMColor.m in Sources */ = {isa = PBXBuildFile; fileRef = 141A5BEB1B638ECC00A5F666 /* UIColor+SMColor.m */; };
		141A5BF31B638FF100A5F666 /* NSURL+SMURL.m in Sources */ = {isa = PBXBuildFile; fileRef = 141A5BF21B638FF100A5F666 /* NSURL+SMURL.m */; };
		4FC19A066281A781C11F8082 /* libPods.a in Frameworks */ = {isa = PBXBuildFile; fileRef = 2EA0B61A4282282439B6EC9F /* libPods.a */; };
/* End PBXBuildFile section */

/* Begin PBXContainerItemProxy section */
		141A5BDB1B63187700A5F666 /* PBXContainerItemProxy */ = {
			isa = PBXContainerItemProxy;
			containerPortal = 141A5BB91B63187700A5F666 /* Project object */;
			proxyType = 1;
			remoteGlobalIDString = 141A5BC01B63187700A5F666;
			remoteInfo = "StudentMe-iOS";
		};
/* End PBXContainerItemProxy section */

/* Begin PBXFileReference section */
		141A5BC11B63187700A5F666 /* StudentMe-iOS.app */ = {isa = PBXFileReference; explicitFileType = wrapper.application; includeInIndex = 0; path = "StudentMe-iOS.app"; sourceTree = BUILT_PRODUCTS_DIR; };
		141A5BC51B63187700A5F666 /* Info.plist */ = {isa = PBXFileReference; lastKnownFileType = text.plist.xml; path = Info.plist; sourceTree = "<group>"; };
		141A5BC61B63187700A5F666 /* main.m */ = {isa = PBXFileReference; lastKnownFileType = sourcecode.c.objc; path = main.m; sourceTree = "<group>"; };
		141A5BC81B63187700A5F666 /* AppDelegate.h */ = {isa = PBXFileReference; lastKnownFileType = sourcecode.c.h; path = AppDelegate.h; sourceTree = "<group>"; };
		141A5BC91B63187700A5F666 /* AppDelegate.m */ = {isa = PBXFileReference; lastKnownFileType = sourcecode.c.objc; path = AppDelegate.m; sourceTree = "<group>"; };
		141A5BCF1B63187700A5F666 /* Base */ = {isa = PBXFileReference; lastKnownFileType = file.storyboard; name = Base; path = Base.lproj/Main.storyboard; sourceTree = "<group>"; };
		141A5BD11B63187700A5F666 /* Images.xcassets */ = {isa = PBXFileReference; lastKnownFileType = folder.assetcatalog; path = Images.xcassets; sourceTree = "<group>"; };
		141A5BD41B63187700A5F666 /* Base */ = {isa = PBXFileReference; lastKnownFileType = file.xib; name = Base; path = Base.lproj/LaunchScreen.xib; sourceTree = "<group>"; };
		141A5BDA1B63187700A5F666 /* StudentMe-iOSTests.xctest */ = {isa = PBXFileReference; explicitFileType = wrapper.cfbundle; includeInIndex = 0; path = "StudentMe-iOSTests.xctest"; sourceTree = BUILT_PRODUCTS_DIR; };
		141A5BDF1B63187700A5F666 /* Info.plist */ = {isa = PBXFileReference; lastKnownFileType = text.plist.xml; path = Info.plist; sourceTree = "<group>"; };
		141A5BE01B63187700A5F666 /* StudentMe_iOSTests.m */ = {isa = PBXFileReference; lastKnownFileType = sourcecode.c.objc; path = StudentMe_iOSTests.m; sourceTree = "<group>"; };
		141A5BEA1B638ECC00A5F666 /* UIColor+SMColor.h */ = {isa = PBXFileReference; fileEncoding = 4; lastKnownFileType = sourcecode.c.h; name = "UIColor+SMColor.h"; path = "SMUITools/SMColor/UIColor+SMColor.h"; sourceTree = "<group>"; };
		141A5BEB1B638ECC00A5F666 /* UIColor+SMColor.m */ = {isa = PBXFileReference; fileEncoding = 4; lastKnownFileType = sourcecode.c.objc; name = "UIColor+SMColor.m"; path = "SMUITools/SMColor/UIColor+SMColor.m"; sourceTree = "<group>"; };
		141A5BF11B638FF100A5F666 /* NSURL+SMURL.h */ = {isa = PBXFileReference; fileEncoding = 4; lastKnownFileType = sourcecode.c.h; name = "NSURL+SMURL.h"; path = "SMNet/SMUrl/NSURL+SMURL.h"; sourceTree = "<group>"; };
		141A5BF21B638FF100A5F666 /* NSURL+SMURL.m */ = {isa = PBXFileReference; fileEncoding = 4; lastKnownFileType = sourcecode.c.objc; name = "NSURL+SMURL.m"; path = "SMNet/SMUrl/NSURL+SMURL.m"; sourceTree = "<group>"; };
		2BA567F2AE403AD275B3D2A5 /* Pods.debug.xcconfig */ = {isa = PBXFileReference; includeInIndex = 1; lastKnownFileType = text.xcconfig; name = Pods.debug.xcconfig; path = "Pods/Target Support Files/Pods/Pods.debug.xcconfig"; sourceTree = "<group>"; };
		2EA0B61A4282282439B6EC9F /* libPods.a */ = {isa = PBXFileReference; explicitFileType = archive.ar; includeInIndex = 0; path = libPods.a; sourceTree = BUILT_PRODUCTS_DIR; };
		43EA34263FE76C9E2A553A79 /* Pods.release.xcconfig */ = {isa = PBXFileReference; includeInIndex = 1; lastKnownFileType = text.xcconfig; name = Pods.release.xcconfig; path = "Pods/Target Support Files/Pods/Pods.release.xcconfig"; sourceTree = "<group>"; };
/* End PBXFileReference section */

/* Begin PBXFrameworksBuildPhase section */
		141A5BBE1B63187700A5F666 /* Frameworks */ = {
			isa = PBXFrameworksBuildPhase;
			buildActionMask = 2147483647;
			files = (
				4FC19A066281A781C11F8082 /* libPods.a in Frameworks */,
			);
			runOnlyForDeploymentPostprocessing = 0;
		};
		141A5BD71B63187700A5F666 /* Frameworks */ = {
			isa = PBXFrameworksBuildPhase;
			buildActionMask = 2147483647;
			files = (
			);
			runOnlyForDeploymentPostprocessing = 0;
		};
/* End PBXFrameworksBuildPhase section */

/* Begin PBXGroup section */
		141A5BB81B63187700A5F666 = {
			isa = PBXGroup;
			children = (
				141A5BC31B63187700A5F666 /* StudentMe-iOS */,
				141A5BDD1B63187700A5F666 /* StudentMe-iOSTests */,
				141A5BC21B63187700A5F666 /* Products */,
				8E54C2D08203157F583F59AA /* Pods */,
				36FB36218007C8E16C87FDC6 /* Frameworks */,
			);
			sourceTree = "<group>";
		};
		141A5BC21B63187700A5F666 /* Products */ = {
			isa = PBXGroup;
			children = (
				141A5BC11B63187700A5F666 /* StudentMe-iOS.app */,
				141A5BDA1B63187700A5F666 /* StudentMe-iOSTests.xctest */,
			);
			name = Products;
			sourceTree = "<group>";
		};
		141A5BC31B63187700A5F666 /* StudentMe-iOS */ = {
			isa = PBXGroup;
			children = (
				141A5BEF1B638FB900A5F666 /* SMNet */,
				141A5BED1B638ED600A5F666 /* SMUITools */,
				141A5BC81B63187700A5F666 /* AppDelegate.h */,
				141A5BC91B63187700A5F666 /* AppDelegate.m */,
				141A5BCE1B63187700A5F666 /* Main.storyboard */,
				141A5BD11B63187700A5F666 /* Images.xcassets */,
				141A5BD31B63187700A5F666 /* LaunchScreen.xib */,
				141A5BC41B63187700A5F666 /* Supporting Files */,
			);
			path = "StudentMe-iOS";
			sourceTree = "<group>";
		};
		141A5BC41B63187700A5F666 /* Supporting Files */ = {
			isa = PBXGroup;
			children = (
				141A5BC51B63187700A5F666 /* Info.plist */,
				141A5BC61B63187700A5F666 /* main.m */,
			);
			name = "Supporting Files";
			sourceTree = "<group>";
		};
		141A5BDD1B63187700A5F666 /* StudentMe-iOSTests */ = {
			isa = PBXGroup;
			children = (
				141A5BE01B63187700A5F666 /* StudentMe_iOSTests.m */,
				141A5BDE1B63187700A5F666 /* Supporting Files */,
			);
			path = "StudentMe-iOSTests";
			sourceTree = "<group>";
		};
		141A5BDE1B63187700A5F666 /* Supporting Files */ = {
			isa = PBXGroup;
			children = (
				141A5BDF1B63187700A5F666 /* Info.plist */,
			);
			name = "Supporting Files";
			sourceTree = "<group>";
		};
		141A5BED1B638ED600A5F666 /* SMUITools */ = {
			isa = PBXGroup;
			children = (
				141A5BEE1B638EE200A5F666 /* SMColors */,
			);
			name = SMUITools;
			sourceTree = "<group>";
		};
		141A5BEE1B638EE200A5F666 /* SMColors */ = {
			isa = PBXGroup;
			children = (
				141A5BEA1B638ECC00A5F666 /* UIColor+SMColor.h */,
				141A5BEB1B638ECC00A5F666 /* UIColor+SMColor.m */,
			);
			name = SMColors;
			sourceTree = "<group>";
		};
		141A5BEF1B638FB900A5F666 /* SMNet */ = {
			isa = PBXGroup;
			children = (
				141A5BF01B638FBF00A5F666 /* SMURL */,
			);
			name = SMNet;
			sourceTree = "<group>";
		};
		141A5BF01B638FBF00A5F666 /* SMURL */ = {
			isa = PBXGroup;
			children = (
				141A5BF11B638FF100A5F666 /* NSURL+SMURL.h */,
				141A5BF21B638FF100A5F666 /* NSURL+SMURL.m */,
			);
			name = SMURL;
			sourceTree = "<group>";
		};
		36FB36218007C8E16C87FDC6 /* Frameworks */ = {
			isa = PBXGroup;
			children = (
				2EA0B61A4282282439B6EC9F /* libPods.a */,
			);
			name = Frameworks;
			sourceTree = "<group>";
		};
		8E54C2D08203157F583F59AA /* Pods */ = {
			isa = PBXGroup;
			children = (
				2BA567F2AE403AD275B3D2A5 /* Pods.debug.xcconfig */,
				43EA34263FE76C9E2A553A79 /* Pods.release.xcconfig */,
			);
			name = Pods;
			sourceTree = "<group>";
		};
/* End PBXGroup section */

/* Begin PBXNativeTarget section */
		141A5BC01B63187700A5F666 /* StudentMe-iOS */ = {
			isa = PBXNativeTarget;
			buildConfigurationList = 141A5BE41B63187700A5F666 /* Build configuration list for PBXNativeTarget "StudentMe-iOS" */;
			buildPhases = (
				CF138579439CD57EBFA9BA8A /* Check Pods Manifest.lock */,
				141A5BBD1B63187700A5F666 /* Sources */,
				141A5BBE1B63187700A5F666 /* Frameworks */,
				141A5BBF1B63187700A5F666 /* Resources */,
				910282E1AA58B31E3BDC6C6A /* Copy Pods Resources */,
			);
			buildRules = (
			);
			dependencies = (
			);
			name = "StudentMe-iOS";
			productName = "StudentMe-iOS";
			productReference = 141A5BC11B63187700A5F666 /* StudentMe-iOS.app */;
			productType = "com.apple.product-type.application";
		};
		141A5BD91B63187700A5F666 /* StudentMe-iOSTests */ = {
			isa = PBXNativeTarget;
			buildConfigurationList = 141A5BE71B63187700A5F666 /* Build configuration list for PBXNativeTarget "StudentMe-iOSTests" */;
			buildPhases = (
				141A5BD61B63187700A5F666 /* Sources */,
				141A5BD71B63187700A5F666 /* Frameworks */,
				141A5BD81B63187700A5F666 /* Resources */,
			);
			buildRules = (
			);
			dependencies = (
				141A5BDC1B63187700A5F666 /* PBXTargetDependency */,
			);
			name = "StudentMe-iOSTests";
			productName = "StudentMe-iOSTests";
			productReference = 141A5BDA1B63187700A5F666 /* StudentMe-iOSTests.xctest */;
			productType = "com.apple.product-type.bundle.unit-test";
		};
/* End PBXNativeTarget section */

/* Begin PBXProject section */
		141A5BB91B63187700A5F666 /* Project object */ = {
			isa = PBXProject;
			attributes = {
				LastUpgradeCheck = 0630;
				ORGANIZATIONNAME = "UESTC-BBS";
				TargetAttributes = {
					141A5BC01B63187700A5F666 = {
						CreatedOnToolsVersion = 6.3.2;
					};
					141A5BD91B63187700A5F666 = {
						CreatedOnToolsVersion = 6.3.2;
						TestTargetID = 141A5BC01B63187700A5F666;
					};
				};
			};
			buildConfigurationList = 141A5BBC1B63187700A5F666 /* Build configuration list for PBXProject "StudentMe-iOS" */;
			compatibilityVersion = "Xcode 3.2";
			developmentRegion = English;
			hasScannedForEncodings = 0;
			knownRegions = (
				en,
				Base,
			);
			mainGroup = 141A5BB81B63187700A5F666;
			productRefGroup = 141A5BC21B63187700A5F666 /* Products */;
			projectDirPath = "";
			projectRoot = "";
			targets = (
				141A5BC01B63187700A5F666 /* StudentMe-iOS */,
				141A5BD91B63187700A5F666 /* StudentMe-iOSTests */,
			);
		};
/* End PBXProject section */

/* Begin PBXResourcesBuildPhase section */
		141A5BBF1B63187700A5F666 /* Resources */ = {
			isa = PBXResourcesBuildPhase;
			buildActionMask = 2147483647;
			files = (
				141A5BD01B63187700A5F666 /* Main.storyboard in Resources */,
				141A5BD51B63187700A5F666 /* LaunchScreen.xib in Resources */,
				141A5BD21B63187700A5F666 /* Images.xcassets in Resources */,
			);
			runOnlyForDeploymentPostprocessing = 0;
		};
		141A5BD81B63187700A5F666 /* Resources */ = {
			isa = PBXResourcesBuildPhase;
			buildActionMask = 2147483647;
			files = (
			);
			runOnlyForDeploymentPostprocessing = 0;
		};
/* End PBXResourcesBuildPhase section */

/* Begin PBXShellScriptBuildPhase section */
		910282E1AA58B31E3BDC6C6A /* Copy Pods Resources */ = {
			isa = PBXShellScriptBuildPhase;
			buildActionMask = 2147483647;
			files = (
			);
			inputPaths = (
			);
			name = "Copy Pods Resources";
			outputPaths = (
			);
			runOnlyForDeploymentPostprocessing = 0;
			shellPath = /bin/sh;
			shellScript = "\"${SRCROOT}/Pods/Target Support Files/Pods/Pods-resources.sh\"\n";
			showEnvVarsInLog = 0;
		};
		CF138579439CD57EBFA9BA8A /* Check Pods Manifest.lock */ = {
			isa = PBXShellScriptBuildPhase;
			buildActionMask = 2147483647;
			files = (
			);
			inputPaths = (
			);
			name = "Check Pods Manifest.lock";
			outputPaths = (
			);
			runOnlyForDeploymentPostprocessing = 0;
			shellPath = /bin/sh;
			shellScript = "diff \"${PODS_ROOT}/../Podfile.lock\" \"${PODS_ROOT}/Manifest.lock\" > /dev/null\nif [[ $? != 0 ]] ; then\n    cat << EOM\nerror: The sandbox is not in sync with the Podfile.lock. Run 'pod install' or update your CocoaPods installation.\nEOM\n    exit 1\nfi\n";
			showEnvVarsInLog = 0;
		};
/* End PBXShellScriptBuildPhase section */

/* Begin PBXSourcesBuildPhase section */
		141A5BBD1B63187700A5F666 /* Sources */ = {
			isa = PBXSourcesBuildPhase;
			buildActionMask = 2147483647;
			files = (
				141A5BCA1B63187700A5F666 /* AppDelegate.m in Sources */,
				141A5BC71B63187700A5F666 /* main.m in Sources */,
				141A5BF31B638FF100A5F666 /* NSURL+SMURL.m in Sources */,
				141A5BEC1B638ECC00A5F666 /* UIColor+SMColor.m in Sources */,
			);
			runOnlyForDeploymentPostprocessing = 0;
		};
		141A5BD61B63187700A5F666 /* Sources */ = {
			isa = PBXSourcesBuildPhase;
			buildActionMask = 2147483647;
			files = (
				141A5BE11B63187700A5F666 /* StudentMe_iOSTests.m in Sources */,
			);
			runOnlyForDeploymentPostprocessing = 0;
		};
/* End PBXSourcesBuildPhase section */

/* Begin PBXTargetDependency section */
		141A5BDC1B63187700A5F666 /* PBXTargetDependency */ = {
			isa = PBXTargetDependency;
			target = 141A5BC01B63187700A5F666 /* StudentMe-iOS */;
			targetProxy = 141A5BDB1B63187700A5F666 /* PBXContainerItemProxy */;
		};
/* End PBXTargetDependency section */

/* Begin PBXVariantGroup section */
		141A5BCE1B63187700A5F666 /* Main.storyboard */ = {
			isa = PBXVariantGroup;
			children = (
				141A5BCF1B63187700A5F666 /* Base */,
			);
			name = Main.storyboard;
			sourceTree = "<group>";
		};
		141A5BD31B63187700A5F666 /* LaunchScreen.xib */ = {
			isa = PBXVariantGroup;
			children = (
				141A5BD41B63187700A5F666 /* Base */,
			);
			name = LaunchScreen.xib;
			sourceTree = "<group>";
		};
/* End PBXVariantGroup section */

/* Begin XCBuildConfiguration section */
		141A5BE21B63187700A5F666 /* Debug */ = {
			isa = XCBuildConfiguration;
			buildSettings = {
				ALWAYS_SEARCH_USER_PATHS = NO;
				CLANG_CXX_LANGUAGE_STANDARD = "gnu++0x";
				CLANG_CXX_LIBRARY = "libc++";
				CLANG_ENABLE_MODULES = YES;
				CLANG_ENABLE_OBJC_ARC = YES;
				CLANG_WARN_BOOL_CONVERSION = YES;
				CLANG_WARN_CONSTANT_CONVERSION = YES;
				CLANG_WARN_DIRECT_OBJC_ISA_USAGE = YES_ERROR;
				CLANG_WARN_EMPTY_BODY = YES;
				CLANG_WARN_ENUM_CONVERSION = YES;
				CLANG_WARN_INT_CONVERSION = YES;
				CLANG_WARN_OBJC_ROOT_CLASS = YES_ERROR;
				CLANG_WARN_UNREACHABLE_CODE = YES;
				CLANG_WARN__DUPLICATE_METHOD_MATCH = YES;
				"CODE_SIGN_IDENTITY[sdk=iphoneos*]" = "iPhone Developer";
				COPY_PHASE_STRIP = NO;
				DEBUG_INFORMATION_FORMAT = "dwarf-with-dsym";
				ENABLE_STRICT_OBJC_MSGSEND = YES;
				GCC_C_LANGUAGE_STANDARD = gnu99;
				GCC_DYNAMIC_NO_PIC = NO;
				GCC_NO_COMMON_BLOCKS = YES;
				GCC_OPTIMIZATION_LEVEL = 0;
				GCC_PREPROCESSOR_DEFINITIONS = (
					"DEBUG=1",
					"$(inherited)",
				);
				GCC_SYMBOLS_PRIVATE_EXTERN = NO;
				GCC_WARN_64_TO_32_BIT_CONVERSION = YES;
				GCC_WARN_ABOUT_RETURN_TYPE = YES_ERROR;
				GCC_WARN_UNDECLARED_SELECTOR = YES;
				GCC_WARN_UNINITIALIZED_AUTOS = YES_AGGRESSIVE;
				GCC_WARN_UNUSED_FUNCTION = YES;
				GCC_WARN_UNUSED_VARIABLE = YES;
				IPHONEOS_DEPLOYMENT_TARGET = 8.3;
				MTL_ENABLE_DEBUG_INFO = YES;
				ONLY_ACTIVE_ARCH = YES;
				SDKROOT = iphoneos;
			};
			name = Debug;
		};
		141A5BE31B63187700A5F666 /* Release */ = {
			isa = XCBuildConfiguration;
			buildSettings = {
				ALWAYS_SEARCH_USER_PATHS = NO;
				CLANG_CXX_LANGUAGE_STANDARD = "gnu++0x";
				CLANG_CXX_LIBRARY = "libc++";
				CLANG_ENABLE_MODULES = YES;
				CLANG_ENABLE_OBJC_ARC = YES;
				CLANG_WARN_BOOL_CONVERSION = YES;
				CLANG_WARN_CONSTANT_CONVERSION = YES;
				CLANG_WARN_DIRECT_OBJC_ISA_USAGE = YES_ERROR;
				CLANG_WARN_EMPTY_BODY = YES;
				CLANG_WARN_ENUM_CONVERSION = YES;
				CLANG_WARN_INT_CONVERSION = YES;
				CLANG_WARN_OBJC_ROOT_CLASS = YES_ERROR;
				CLANG_WARN_UNREACHABLE_CODE = YES;
				CLANG_WARN__DUPLICATE_METHOD_MATCH = YES;
				"CODE_SIGN_IDENTITY[sdk=iphoneos*]" = "iPhone Developer";
				COPY_PHASE_STRIP = NO;
				DEBUG_INFORMATION_FORMAT = "dwarf-with-dsym";
				ENABLE_NS_ASSERTIONS = NO;
				ENABLE_STRICT_OBJC_MSGSEND = YES;
				GCC_C_LANGUAGE_STANDARD = gnu99;
				GCC_NO_COMMON_BLOCKS = YES;
				GCC_WARN_64_TO_32_BIT_CONVERSION = YES;
				GCC_WARN_ABOUT_RETURN_TYPE = YES_ERROR;
				GCC_WARN_UNDECLARED_SELECTOR = YES;
				GCC_WARN_UNINITIALIZED_AUTOS = YES_AGGRESSIVE;
				GCC_WARN_UNUSED_FUNCTION = YES;
				GCC_WARN_UNUSED_VARIABLE = YES;
				IPHONEOS_DEPLOYMENT_TARGET = 8.3;
				MTL_ENABLE_DEBUG_INFO = NO;
				SDKROOT = iphoneos;
				VALIDATE_PRODUCT = YES;
			};
			name = Release;
		};
		141A5BE51B63187700A5F666 /* Debug */ = {
			isa = XCBuildConfiguration;
			baseConfigurationReference = 2BA567F2AE403AD275B3D2A5 /* Pods.debug.xcconfig */;
			buildSettings = {
				ASSETCATALOG_COMPILER_APPICON_NAME = AppIcon;
				INFOPLIST_FILE = "StudentMe-iOS/Info.plist";
				LD_RUNPATH_SEARCH_PATHS = "$(inherited) @executable_path/Frameworks";
				PRODUCT_NAME = "$(TARGET_NAME)";
			};
			name = Debug;
		};
		141A5BE61B63187700A5F666 /* Release */ = {
			isa = XCBuildConfiguration;
			baseConfigurationReference = 43EA34263FE76C9E2A553A79 /* Pods.release.xcconfig */;
			buildSettings = {
				ASSETCATALOG_COMPILER_APPICON_NAME = AppIcon;
				INFOPLIST_FILE = "StudentMe-iOS/Info.plist";
				LD_RUNPATH_SEARCH_PATHS = "$(inherited) @executable_path/Frameworks";
				PRODUCT_NAME = "$(TARGET_NAME)";
			};
			name = Release;
		};
		141A5BE81B63187700A5F666 /* Debug */ = {
			isa = XCBuildConfiguration;
			buildSettings = {
				BUNDLE_LOADER = "$(TEST_HOST)";
				FRAMEWORK_SEARCH_PATHS = (
					"$(SDKROOT)/Developer/Library/Frameworks",
					"$(inherited)",
				);
				GCC_PREPROCESSOR_DEFINITIONS = (
					"DEBUG=1",
					"$(inherited)",
				);
				INFOPLIST_FILE = "StudentMe-iOSTests/Info.plist";
				LD_RUNPATH_SEARCH_PATHS = "$(inherited) @executable_path/Frameworks @loader_path/Frameworks";
				PRODUCT_NAME = "$(TARGET_NAME)";
				TEST_HOST = "$(BUILT_PRODUCTS_DIR)/StudentMe-iOS.app/StudentMe-iOS";
			};
			name = Debug;
		};
		141A5BE91B63187700A5F666 /* Release */ = {
			isa = XCBuildConfiguration;
			buildSettings = {
				BUNDLE_LOADER = "$(TEST_HOST)";
				FRAMEWORK_SEARCH_PATHS = (
					"$(SDKROOT)/Developer/Library/Frameworks",
					"$(inherited)",
				);
				INFOPLIST_FILE = "StudentMe-iOSTests/Info.plist";
				LD_RUNPATH_SEARCH_PATHS = "$(inherited) @executable_path/Frameworks @loader_path/Frameworks";
				PRODUCT_NAME = "$(TARGET_NAME)";
				TEST_HOST = "$(BUILT_PRODUCTS_DIR)/StudentMe-iOS.app/StudentMe-iOS";
			};
			name = Release;
		};
/* End XCBuildConfiguration section */

/* Begin XCConfigurationList section */
		141A5BBC1B63187700A5F666 /* Build configuration list for PBXProject "StudentMe-iOS" */ = {
			isa = XCConfigurationList;
			buildConfigurations = (
				141A5BE21B63187700A5F666 /* Debug */,
				141A5BE31B63187700A5F666 /* Release */,
			);
			defaultConfigurationIsVisible = 0;
			defaultConfigurationName = Release;
		};
		141A5BE41B63187700A5F666 /* Build configuration list for PBXNativeTarget "StudentMe-iOS" */ = {
			isa = XCConfigurationList;
			buildConfigurations = (
				141A5BE51B63187700A5F666 /* Debug */,
				141A5BE61B63187700A5F666 /* Release */,
			);
			defaultConfigurationIsVisible = 0;
			defaultConfigurationName = Release;
		};
		141A5BE71B63187700A5F666 /* Build configuration list for PBXNativeTarget "StudentMe-iOSTests" */ = {
			isa = XCConfigurationList;
			buildConfigurations = (
				141A5BE81B63187700A5F666 /* Debug */,
				141A5BE91B63187700A5F666 /* Release */,
			);
			defaultConfigurationIsVisible = 0;
			defaultConfigurationName = Release;
		};
/* End XCConfigurationList section */
	};
	rootObject = 141A5BB91B63187700A5F666 /* Project object */;
}
